
Microsoft Visual Studio Solution File, Format Version 12.00
# Visual Studio Version 17
VisualStudioVersion = 17.9.34728.123
MinimumVisualStudioVersion = 10.0.40219.1
Project("{8BC9CEB8-8B4A-11D0-8D11-00A0C91BC942}") = "bai_toan_lien_quan_xau_ki_tu", "bai_toan_lien_quan_xau_ki_tu\bai_toan_lien_quan_xau_ki_tu.vcxproj", "{E7500C91-139C-4BF2-8D87-68766EAB5786}"
EndProject
Global
	GlobalSection(SolutionConfigurationPlatforms) = preSolution
		Debug|x64 = Debug|x64
		Debug|x86 = Debug|x86
		Release|x64 = Release|x64
		Release|x86 = Release|x86
	EndGlobalSection
	GlobalSection(ProjectConfigurationPlatforms) = postSolution
		{E7500C91-139C-4BF2-8D87-68766EAB5786}.Debug|x64.ActiveCfg = Debug|x64
		{E7500C91-139C-4BF2-8D87-68766EAB5786}.Debug|x64.Build.0 = Debug|x64
		{E7500C91-139C-4BF2-8D87-68766EAB5786}.Debug|x86.ActiveCfg = Debug|Win32
		{E7500C91-139C-4BF2-8D87-68766EAB5786}.Debug|x86.Build.0 = Debug|Win32
		{E7500C91-139C-4BF2-8D87-68766EAB5786}.Release|x64.ActiveCfg = Release|x64
		{E7500C91-139C-4BF2-8D87-68766EAB5786}.Release|x64.Build.0 = Release|x64
		{E7500C91-139C-4BF2-8D87-68766EAB5786}.Release|x86.ActiveCfg = Release|Win32
		{E7500C91-139C-4BF2-8D87-68766EAB5786}.Release|x86.Build.0 = Release|Win32
	EndGlobalSection
	GlobalSection(SolutionProperties) = preSolution
		HideSolutionNode = FALSE
	EndGlobalSection
	GlobalSection(ExtensibilityGlobals) = postSolution
		SolutionGuid = {86E3455C-F91D-460A-8E16-B8902C2E2265}
	EndGlobalSection
EndGlobal
